
Microsoft Visual Studio Solution File, Format Version 12.00
# Visual Studio 15
VisualStudioVersion = 15.0.27130.2036
MinimumVisualStudioVersion = 10.0.40219.1
Project("{159641D6-6404-4A2A-AE62-294DE0FE8301}") = "Supertbl_SEDREF_Report1", "Supertbl_SEDREF_Report1\Supertbl_SEDREF_Report1.dtproj", "{0DEDBED5-6850-4884-89D8-EB49FBFF8DCF}"
EndProject
Global
	GlobalSection(SolutionConfigurationPlatforms) = preSolution
		Development|Default = Development|Default
	EndGlobalSection
	GlobalSection(ProjectConfigurationPlatforms) = postSolution
		{0DEDBED5-6850-4884-89D8-EB49FBFF8DCF}.Development|Default.ActiveCfg = Development
		{0DEDBED5-6850-4884-89D8-EB49FBFF8DCF}.Development|Default.Build.0 = Development
	EndGlobalSection
	GlobalSection(SolutionProperties) = preSolution
		HideSolutionNode = FALSE
	EndGlobalSection
	GlobalSection(ExtensibilityGlobals) = postSolution
		SolutionGuid = {E972197E-AB6D-45BE-8E3F-7F9466D8231F}
	EndGlobalSection
	GlobalSection(TeamFoundationVersionControl) = preSolution
		SccNumberOfProjects = 2
		SccEnterpriseProvider = {4CA58AB2-18FA-4F8D-95D4-32DDF27D184C}
		SccTeamFoundationServer = http://dvapp18:8080/tfs/diit
		SccLocalPath0 = .
		SccProjectUniqueName1 = Supertbl_SEDREF_Report1\\Supertbl_SEDREF_Report1.dtproj
		SccProjectName1 = Supertbl_SEDREF_Report1
		SccLocalPath1 = Supertbl_SEDREF_Report1
	EndGlobalSection
EndGlobal
